
Microsoft Visual Studio Solution File, Format Version 12.00
# Visual Studio Version 17
VisualStudioVersion = 17.12.35527.113
MinimumVisualStudioVersion = 10.0.40219.1
Project("{FAE04EC0-301F-11D3-BF4B-00C04F79EFBC}") = "DevSkill.Inventory.Web", "DevSkill.Inventory.Web\DevSkill.Inventory.Web.csproj", "{D1FBDF64-0246-4F18-9358-42E6F00E787E}"
	ProjectSection(ProjectDependencies) = postProject
		{74CA4DB1-F6AB-45A6-9E55-3059C1B00CFC} = {74CA4DB1-F6AB-45A6-9E55-3059C1B00CFC}
		{96714383-85DF-48EB-9009-FC2187FFA542} = {96714383-85DF-48EB-9009-FC2187FFA542}
		{E135DFA8-14E9-4A96-9F53-A6F26F19760C} = {E135DFA8-14E9-4A96-9F53-A6F26F19760C}
	EndProjectSection
EndProject
Project("{FAE04EC0-301F-11D3-BF4B-00C04F79EFBC}") = "DevSkill.Inventory.Domain", "DevSkill.Inventory.Domain\DevSkill.Inventory.Domain.csproj", "{E135DFA8-14E9-4A96-9F53-A6F26F19760C}"
EndProject
Project("{FAE04EC0-301F-11D3-BF4B-00C04F79EFBC}") = "DevSkill.Inventory.Application", "DevSkill.Inventory.Application\DevSkill.Inventory.Application.csproj", "{74CA4DB1-F6AB-45A6-9E55-3059C1B00CFC}"
	ProjectSection(ProjectDependencies) = postProject
		{E135DFA8-14E9-4A96-9F53-A6F26F19760C} = {E135DFA8-14E9-4A96-9F53-A6F26F19760C}
	EndProjectSection
EndProject
Project("{FAE04EC0-301F-11D3-BF4B-00C04F79EFBC}") = "DevSkill.Inventory.Infrastructure", "DevSkill.Inventory.Infrastructure\DevSkill.Inventory.Infrastructure.csproj", "{96714383-85DF-48EB-9009-FC2187FFA542}"
EndProject
Project("{2150E333-8FDC-42A3-9474-1A3956D46DE8}") = "Tests", "Tests", "{02EA681E-C7D8-13C7-8484-4AC65E1B71E8}"
EndProject
Project("{FAE04EC0-301F-11D3-BF4B-00C04F79EFBC}") = "DevSkill.Inventory.Application.Tests", "..\Tests\DevSkill.Inventory.Application.Tests\DevSkill.Inventory.Application.Tests.csproj", "{9115197D-0681-495B-AC01-10D58FF8CA41}"
EndProject
Project("{FAE04EC0-301F-11D3-BF4B-00C04F79EFBC}") = "DevSkill.Inventory.Worker", "DevSkill.Inventory.Worker\DevSkill.Inventory.Worker.csproj", "{43EC9DC2-BC36-44DC-B39B-50098534C420}"
EndProject
Global
	GlobalSection(SolutionConfigurationPlatforms) = preSolution
		Debug|Any CPU = Debug|Any CPU
		Release|Any CPU = Release|Any CPU
	EndGlobalSection
	GlobalSection(ProjectConfigurationPlatforms) = postSolution
		{D1FBDF64-0246-4F18-9358-42E6F00E787E}.Debug|Any CPU.ActiveCfg = Debug|Any CPU
		{D1FBDF64-0246-4F18-9358-42E6F00E787E}.Debug|Any CPU.Build.0 = Debug|Any CPU
		{D1FBDF64-0246-4F18-9358-42E6F00E787E}.Release|Any CPU.ActiveCfg = Release|Any CPU
		{D1FBDF64-0246-4F18-9358-42E6F00E787E}.Release|Any CPU.Build.0 = Release|Any CPU
		{E135DFA8-14E9-4A96-9F53-A6F26F19760C}.Debug|Any CPU.ActiveCfg = Debug|Any CPU
		{E135DFA8-14E9-4A96-9F53-A6F26F19760C}.Debug|Any CPU.Build.0 = Debug|Any CPU
		{E135DFA8-14E9-4A96-9F53-A6F26F19760C}.Release|Any CPU.ActiveCfg = Release|Any CPU
		{E135DFA8-14E9-4A96-9F53-A6F26F19760C}.Release|Any CPU.Build.0 = Release|Any CPU
		{74CA4DB1-F6AB-45A6-9E55-3059C1B00CFC}.Debug|Any CPU.ActiveCfg = Debug|Any CPU
		{74CA4DB1-F6AB-45A6-9E55-3059C1B00CFC}.Debug|Any CPU.Build.0 = Debug|Any CPU
		{74CA4DB1-F6AB-45A6-9E55-3059C1B00CFC}.Release|Any CPU.ActiveCfg = Release|Any CPU
		{74CA4DB1-F6AB-45A6-9E55-3059C1B00CFC}.Release|Any CPU.Build.0 = Release|Any CPU
		{96714383-85DF-48EB-9009-FC2187FFA542}.Debug|Any CPU.ActiveCfg = Debug|Any CPU
		{96714383-85DF-48EB-9009-FC2187FFA542}.Debug|Any CPU.Build.0 = Debug|Any CPU
		{96714383-85DF-48EB-9009-FC2187FFA542}.Release|Any CPU.ActiveCfg = Release|Any CPU
		{96714383-85DF-48EB-9009-FC2187FFA542}.Release|Any CPU.Build.0 = Release|Any CPU
		{9115197D-0681-495B-AC01-10D58FF8CA41}.Debug|Any CPU.ActiveCfg = Debug|Any CPU
		{9115197D-0681-495B-AC01-10D58FF8CA41}.Debug|Any CPU.Build.0 = Debug|Any CPU
		{9115197D-0681-495B-AC01-10D58FF8CA41}.Release|Any CPU.ActiveCfg = Release|Any CPU
		{9115197D-0681-495B-AC01-10D58FF8CA41}.Release|Any CPU.Build.0 = Release|Any CPU
		{43EC9DC2-BC36-44DC-B39B-50098534C420}.Debug|Any CPU.ActiveCfg = Debug|Any CPU
		{43EC9DC2-BC36-44DC-B39B-50098534C420}.Debug|Any CPU.Build.0 = Debug|Any CPU
		{43EC9DC2-BC36-44DC-B39B-50098534C420}.Release|Any CPU.ActiveCfg = Release|Any CPU
		{43EC9DC2-BC36-44DC-B39B-50098534C420}.Release|Any CPU.Build.0 = Release|Any CPU
	EndGlobalSection
	GlobalSection(SolutionProperties) = preSolution
		HideSolutionNode = FALSE
	EndGlobalSection
	GlobalSection(NestedProjects) = preSolution
		{9115197D-0681-495B-AC01-10D58FF8CA41} = {02EA681E-C7D8-13C7-8484-4AC65E1B71E8}
	EndGlobalSection
	GlobalSection(ExtensibilityGlobals) = postSolution
		SolutionGuid = {637F1395-8910-4B3A-A227-EFEF427A2423}
	EndGlobalSection
EndGlobal
